// !$*UTF8*$!
{
	archiveVersion = 1;
	classes = {
	};
	objectVersion = 77;
	objects = {

/* Begin PBXContainerItemProxy section */
		8F93FBC02CD50C220099C77A /* PBXContainerItemProxy */ = {
			isa = PBXContainerItemProxy;
			containerPortal = 8F93FBA72CD50C200099C77A /* Project object */;
			proxyType = 1;
			remoteGlobalIDString = 8F93FBAE2CD50C200099C77A;
			remoteInfo = studySessionTracker;
		};
		8F93FBCA2CD50C220099C77A /* PBXContainerItemProxy */ = {
			isa = PBXContainerItemProxy;
			containerPortal = 8F93FBA72CD50C200099C77A /* Project object */;
			proxyType = 1;
			remoteGlobalIDString = 8F93FBAE2CD50C200099C77A;
			remoteInfo = studySessionTracker;
		};
/* End PBXContainerItemProxy section */

/* Begin PBXFileReference section */
		8F93FBAF2CD50C200099C77A /* studySessionTracker.app */ = {isa = PBXFileReference; explicitFileType = wrapper.application; includeInIndex = 0; path = studySessionTracker.app; sourceTree = BUILT_PRODUCTS_DIR; };
		8F93FBBF2CD50C220099C77A /* studySessionTrackerTests.xctest */ = {isa = PBXFileReference; explicitFileType = wrapper.cfbundle; includeInIndex = 0; path = studySessionTrackerTests.xctest; sourceTree = BUILT_PRODUCTS_DIR; };
		8F93FBC92CD50C220099C77A /* studySessionTrackerUITests.xctest */ = {isa = PBXFileReference; explicitFileType = wrapper.cfbundle; includeInIndex = 0; path = studySessionTrackerUITests.xctest; sourceTree = BUILT_PRODUCTS_DIR; };
/* End PBXFileReference section */

/* Begin PBXFileSystemSynchronizedRootGroup section */
		8F93FBB12CD50C200099C77A /* studySessionTracker */ = {
			isa = PBXFileSystemSynchronizedRootGroup;
			path = studySessionTracker;
			sourceTree = "<group>";
		};
		8F93FBC22CD50C220099C77A /* studySessionTrackerTests */ = {
			isa = PBXFileSystemSynchronizedRootGroup;
			path = studySessionTrackerTests;
			sourceTree = "<group>";
		};
		8F93FBCC2CD50C220099C77A /* studySessionTrackerUITests */ = {
			isa = PBXFileSystemSynchronizedRootGroup;
			path = studySessionTrackerUITests;
			sourceTree = "<group>";
		};
/* End PBXFileSystemSynchronizedRootGroup section */

/* Begin PBXFrameworksBuildPhase section */
		8F93FBAC2CD50C200099C77A /* Frameworks */ = {
			isa = PBXFrameworksBuildPhase;
			buildActionMask = 2147483647;
			files = (
			);
			runOnlyForDeploymentPostprocessing = 0;
		};
		8F93FBBC2CD50C220099C77A /* Frameworks */ = {
			isa = PBXFrameworksBuildPhase;
			buildActionMask = 2147483647;
			files = (
			);
			runOnlyForDeploymentPostprocessing = 0;
		};
		8F93FBC62CD50C220099C77A /* Frameworks */ = {
			isa = PBXFrameworksBuildPhase;
			buildActionMask = 2147483647;
			files = (
			);
			runOnlyForDeploymentPostprocessing = 0;
		};
/* End PBXFrameworksBuildPhase section */

/* Begin PBXGroup section */
		8F93FBA62CD50C200099C77A = {
			isa = PBXGroup;
			children = (
				8F93FBB12CD50C200099C77A /* studySessionTracker */,
				8F93FBC22CD50C220099C77A /* studySessionTrackerTests */,
				8F93FBCC2CD50C220099C77A /* studySessionTrackerUITests */,
				8F93FBB02CD50C200099C77A /* Products */,
			);
			sourceTree = "<group>";
		};
		8F93FBB02CD50C200099C77A /* Products */ = {
			isa = PBXGroup;
			children = (
				8F93FBAF2CD50C200099C77A /* studySessionTracker.app */,
				8F93FBBF2CD50C220099C77A /* studySessionTrackerTests.xctest */,
				8F93FBC92CD50C220099C77A /* studySessionTrackerUITests.xctest */,
			);
			name = Products;
			sourceTree = "<group>";
		};
/* End PBXGroup section */

/* Begin PBXNativeTarget section */
		8F93FBAE2CD50C200099C77A /* studySessionTracker */ = {
			isa = PBXNativeTarget;
			buildConfigurationList = 8F93FBD32CD50C220099C77A /* Build configuration list for PBXNativeTarget "studySessionTracker" */;
			buildPhases = (
				8F93FBAB2CD50C200099C77A /* Sources */,
				8F93FBAC2CD50C200099C77A /* Frameworks */,
				8F93FBAD2CD50C200099C77A /* Resources */,
			);
			buildRules = (
			);
			dependencies = (
			);
			fileSystemSynchronizedGroups = (
				8F93FBB12CD50C200099C77A /* studySessionTracker */,
			);
			name = studySessionTracker;
			packageProductDependencies = (
			);
			productName = studySessionTracker;
			productReference = 8F93FBAF2CD50C200099C77A /* studySessionTracker.app */;
			productType = "com.apple.product-type.application";
		};
		8F93FBBE2CD50C220099C77A /* studySessionTrackerTests */ = {
			isa = PBXNativeTarget;
			buildConfigurationList = 8F93FBD62CD50C220099C77A /* Build configuration list for PBXNativeTarget "studySessionTrackerTests" */;
			buildPhases = (
				8F93FBBB2CD50C220099C77A /* Sources */,
				8F93FBBC2CD50C220099C77A /* Frameworks */,
				8F93FBBD2CD50C220099C77A /* Resources */,
			);
			buildRules = (
			);
			dependencies = (
				8F93FBC12CD50C220099C77A /* PBXTargetDependency */,
			);
			fileSystemSynchronizedGroups = (
				8F93FBC22CD50C220099C77A /* studySessionTrackerTests */,
			);
			name = studySessionTrackerTests;
			packageProductDependencies = (
			);
			productName = studySessionTrackerTests;
			productReference = 8F93FBBF2CD50C220099C77A /* studySessionTrackerTests.xctest */;
			productType = "com.apple.product-type.bundle.unit-test";
		};
		8F93FBC82CD50C220099C77A /* studySessionTrackerUITests */ = {
			isa = PBXNativeTarget;
			buildConfigurationList = 8F93FBD92CD50C220099C77A /* Build configuration list for PBXNativeTarget "studySessionTrackerUITests" */;
			buildPhases = (
				8F93FBC52CD50C220099C77A /* Sources */,
				8F93FBC62CD50C220099C77A /* Frameworks */,
				8F93FBC72CD50C220099C77A /* Resources */,
			);
			buildRules = (
			);
			dependencies = (
				8F93FBCB2CD50C220099C77A /* PBXTargetDependency */,
			);
			fileSystemSynchronizedGroups = (
				8F93FBCC2CD50C220099C77A /* studySessionTrackerUITests */,
			);
			name = studySessionTrackerUITests;
			packageProductDependencies = (
			);
			productName = studySessionTrackerUITests;
			productReference = 8F93FBC92CD50C220099C77A /* studySessionTrackerUITests.xctest */;
			productType = "com.apple.product-type.bundle.ui-testing";
		};
/* End PBXNativeTarget section */

/* Begin PBXProject section */
		8F93FBA72CD50C200099C77A /* Project object */ = {
			isa = PBXProject;
			attributes = {
				BuildIndependentTargetsInParallel = 1;
				LastSwiftUpdateCheck = 1600;
				LastUpgradeCheck = 1600;
				TargetAttributes = {
					8F93FBAE2CD50C200099C77A = {
						CreatedOnToolsVersion = 16.0;
					};
					8F93FBBE2CD50C220099C77A = {
						CreatedOnToolsVersion = 16.0;
						TestTargetID = 8F93FBAE2CD50C200099C77A;
					};
					8F93FBC82CD50C220099C77A = {
						CreatedOnToolsVersion = 16.0;
						TestTargetID = 8F93FBAE2CD50C200099C77A;
					};
				};
			};
			buildConfigurationList = 8F93FBAA2CD50C200099C77A /* Build configuration list for PBXProject "studySessionTracker" */;
			developmentRegion = en;
			hasScannedForEncodings = 0;
			knownRegions = (
				en,
				Base,
			);
			mainGroup = 8F93FBA62CD50C200099C77A;
			minimizedProjectReferenceProxies = 1;
			preferredProjectObjectVersion = 77;
			productRefGroup = 8F93FBB02CD50C200099C77A /* Products */;
			projectDirPath = "";
			projectRoot = "";
			targets = (
				8F93FBAE2CD50C200099C77A /* studySessionTracker */,
				8F93FBBE2CD50C220099C77A /* studySessionTrackerTests */,
				8F93FBC82CD50C220099C77A /* studySessionTrackerUITests */,
			);
		};
/* End PBXProject section */

/* Begin PBXResourcesBuildPhase section */
		8F93FBAD2CD50C200099C77A /* Resources */ = {
			isa = PBXResourcesBuildPhase;
			buildActionMask = 2147483647;
			files = (
			);
			runOnlyForDeploymentPostprocessing = 0;
		};
		8F93FBBD2CD50C220099C77A /* Resources */ = {
			isa = PBXResourcesBuildPhase;
			buildActionMask = 2147483647;
			files = (
			);
			runOnlyForDeploymentPostprocessing = 0;
		};
		8F93FBC72CD50C220099C77A /* Resources */ = {
			isa = PBXResourcesBuildPhase;
			buildActionMask = 2147483647;
			files = (
			);
			runOnlyForDeploymentPostprocessing = 0;
		};
/* End PBXResourcesBuildPhase section */

/* Begin PBXSourcesBuildPhase section */
		8F93FBAB2CD50C200099C77A /* Sources */ = {
			isa = PBXSourcesBuildPhase;
			buildActionMask = 2147483647;
			files = (
			);
			runOnlyForDeploymentPostprocessing = 0;
		};
		8F93FBBB2CD50C220099C77A /* Sources */ = {
			isa = PBXSourcesBuildPhase;
			buildActionMask = 2147483647;
			files = (
			);
			runOnlyForDeploymentPostprocessing = 0;
		};
		8F93FBC52CD50C220099C77A /* Sources */ = {
			isa = PBXSourcesBuildPhase;
			buildActionMask = 2147483647;
			files = (
			);
			runOnlyForDeploymentPostprocessing = 0;
		};
/* End PBXSourcesBuildPhase section */

/* Begin PBXTargetDependency section */
		8F93FBC12CD50C220099C77A /* PBXTargetDependency */ = {
			isa = PBXTargetDependency;
			target = 8F93FBAE2CD50C200099C77A /* studySessionTracker */;
			targetProxy = 8F93FBC02CD50C220099C77A /* PBXContainerItemProxy */;
		};
		8F93FBCB2CD50C220099C77A /* PBXTargetDependency */ = {
			isa = PBXTargetDependency;
			target = 8F93FBAE2CD50C200099C77A /* studySessionTracker */;
			targetProxy = 8F93FBCA2CD50C220099C77A /* PBXContainerItemProxy */;
		};
/* End PBXTargetDependency section */

/* Begin XCBuildConfiguration section */
		8F93FBD12CD50C220099C77A /* Debug */ = {
			isa = XCBuildConfiguration;
			buildSettings = {
				ALWAYS_SEARCH_USER_PATHS = NO;
				ASSETCATALOG_COMPILER_GENERATE_SWIFT_ASSET_SYMBOL_EXTENSIONS = YES;
				CLANG_ANALYZER_NONNULL = YES;
				CLANG_ANALYZER_NUMBER_OBJECT_CONVERSION = YES_AGGRESSIVE;
				CLANG_CXX_LANGUAGE_STANDARD = "gnu++20";
				CLANG_ENABLE_MODULES = YES;
				CLANG_ENABLE_OBJC_ARC = YES;
				CLANG_ENABLE_OBJC_WEAK = YES;
				CLANG_WARN_BLOCK_CAPTURE_AUTORELEASING = YES;
				CLANG_WARN_BOOL_CONVERSION = YES;
				CLANG_WARN_COMMA = YES;
				CLANG_WARN_CONSTANT_CONVERSION = YES;
				CLANG_WARN_DEPRECATED_OBJC_IMPLEMENTATIONS = YES;
				CLANG_WARN_DIRECT_OBJC_ISA_USAGE = YES_ERROR;
				CLANG_WARN_DOCUMENTATION_COMMENTS = YES;
				CLANG_WARN_EMPTY_BODY = YES;
				CLANG_WARN_ENUM_CONVERSION = YES;
				CLANG_WARN_INFINITE_RECURSION = YES;
				CLANG_WARN_INT_CONVERSION = YES;
				CLANG_WARN_NON_LITERAL_NULL_CONVERSION = YES;
				CLANG_WARN_OBJC_IMPLICIT_RETAIN_SELF = YES;
				CLANG_WARN_OBJC_LITERAL_CONVERSION = YES;
				CLANG_WARN_OBJC_ROOT_CLASS = YES_ERROR;
				CLANG_WARN_QUOTED_INCLUDE_IN_FRAMEWORK_HEADER = YES;
				CLANG_WARN_RANGE_LOOP_ANALYSIS = YES;
				CLANG_WARN_STRICT_PROTOTYPES = YES;
				CLANG_WARN_SUSPICIOUS_MOVE = YES;
				CLANG_WARN_UNGUARDED_AVAILABILITY = YES_AGGRESSIVE;
				CLANG_WARN_UNREACHABLE_CODE = YES;
				CLANG_WARN__DUPLICATE_METHOD_MATCH = YES;
				COPY_PHASE_STRIP = NO;
				DEBUG_INFORMATION_FORMAT = dwarf;
				ENABLE_STRICT_OBJC_MSGSEND = YES;
				ENABLE_TESTABILITY = YES;
				ENABLE_USER_SCRIPT_SANDBOXING = YES;
				GCC_C_LANGUAGE_STANDARD = gnu17;
				GCC_DYNAMIC_NO_PIC = NO;
				GCC_NO_COMMON_BLOCKS = YES;
				GCC_OPTIMIZATION_LEVEL = 0;
				GCC_PREPROCESSOR_DEFINITIONS = (
					"DEBUG=1",
					"$(inherited)",
				);
				GCC_WARN_64_TO_32_BIT_CONVERSION = YES;
				GCC_WARN_ABOUT_RETURN_TYPE = YES_ERROR;
				GCC_WARN_UNDECLARED_SELECTOR = YES;
				GCC_WARN_UNINITIALIZED_AUTOS = YES_AGGRESSIVE;
				GCC_WARN_UNUSED_FUNCTION = YES;
				GCC_WARN_UNUSED_VARIABLE = YES;
				IPHONEOS_DEPLOYMENT_TARGET = 18.0;
				LOCALIZATION_PREFERS_STRING_CATALOGS = YES;
				MTL_ENABLE_DEBUG_INFO = INCLUDE_SOURCE;
				MTL_FAST_MATH = YES;
				ONLY_ACTIVE_ARCH = YES;
				SDKROOT = iphoneos;
				SWIFT_ACTIVE_COMPILATION_CONDITIONS = "DEBUG $(inherited)";
				SWIFT_OPTIMIZATION_LEVEL = "-Onone";
			};
			name = Debug;
		};
		8F93FBD22CD50C220099C77A /* Release */ = {
			isa = XCBuildConfiguration;
			buildSettings = {
				ALWAYS_SEARCH_USER_PATHS = NO;
				ASSETCATALOG_COMPILER_GENERATE_SWIFT_ASSET_SYMBOL_EXTENSIONS = YES;
				CLANG_ANALYZER_NONNULL = YES;
				CLANG_ANALYZER_NUMBER_OBJECT_CONVERSION = YES_AGGRESSIVE;
				CLANG_CXX_LANGUAGE_STANDARD = "gnu++20";
				CLANG_ENABLE_MODULES = YES;
				CLANG_ENABLE_OBJC_ARC = YES;
				CLANG_ENABLE_OBJC_WEAK = YES;
				CLANG_WARN_BLOCK_CAPTURE_AUTORELEASING = YES;
				CLANG_WARN_BOOL_CONVERSION = YES;
				CLANG_WARN_COMMA = YES;
				CLANG_WARN_CONSTANT_CONVERSION = YES;
				CLANG_WARN_DEPRECATED_OBJC_IMPLEMENTATIONS = YES;
				CLANG_WARN_DIRECT_OBJC_ISA_USAGE = YES_ERROR;
				CLANG_WARN_DOCUMENTATION_COMMENTS = YES;
				CLANG_WARN_EMPTY_BODY = YES;
				CLANG_WARN_ENUM_CONVERSION = YES;
				CLANG_WARN_INFINITE_RECURSION = YES;
				CLANG_WARN_INT_CONVERSION = YES;
				CLANG_WARN_NON_LITERAL_NULL_CONVERSION = YES;
				CLANG_WARN_OBJC_IMPLICIT_RETAIN_SELF = YES;
				CLANG_WARN_OBJC_LITERAL_CONVERSION = YES;
				CLANG_WARN_OBJC_ROOT_CLASS = YES_ERROR;
				CLANG_WARN_QUOTED_INCLUDE_IN_FRAMEWORK_HEADER = YES;
				CLANG_WARN_RANGE_LOOP_ANALYSIS = YES;
				CLANG_WARN_STRICT_PROTOTYPES = YES;
				CLANG_WARN_SUSPICIOUS_MOVE = YES;
				CLANG_WARN_UNGUARDED_AVAILABILITY = YES_AGGRESSIVE;
				CLANG_WARN_UNREACHABLE_CODE = YES;
				CLANG_WARN__DUPLICATE_METHOD_MATCH = YES;
				COPY_PHASE_STRIP = NO;
				DEBUG_INFORMATION_FORMAT = "dwarf-with-dsym";
				ENABLE_NS_ASSERTIONS = NO;
				ENABLE_STRICT_OBJC_MSGSEND = YES;
				ENABLE_USER_SCRIPT_SANDBOXING = YES;
				GCC_C_LANGUAGE_STANDARD = gnu17;
				GCC_NO_COMMON_BLOCKS = YES;
				GCC_WARN_64_TO_32_BIT_CONVERSION = YES;
				GCC_WARN_ABOUT_RETURN_TYPE = YES_ERROR;
				GCC_WARN_UNDECLARED_SELECTOR = YES;
				GCC_WARN_UNINITIALIZED_AUTOS = YES_AGGRESSIVE;
				GCC_WARN_UNUSED_FUNCTION = YES;
				GCC_WARN_UNUSED_VARIABLE = YES;
				IPHONEOS_DEPLOYMENT_TARGET = 18.0;
				LOCALIZATION_PREFERS_STRING_CATALOGS = YES;
				MTL_ENABLE_DEBUG_INFO = NO;
				MTL_FAST_MATH = YES;
				SDKROOT = iphoneos;
				SWIFT_COMPILATION_MODE = wholemodule;
				VALIDATE_PRODUCT = YES;
			};
			name = Release;
		};
		8F93FBD42CD50C220099C77A /* Debug */ = {
			isa = XCBuildConfiguration;
			buildSettings = {
				ASSETCATALOG_COMPILER_APPICON_NAME = AppIcon;
				ASSETCATALOG_COMPILER_GLOBAL_ACCENT_COLOR_NAME = AccentColor;
				CODE_SIGN_STYLE = Automatic;
				CURRENT_PROJECT_VERSION = 1;
				DEVELOPMENT_ASSET_PATHS = "\"studySessionTracker/Preview Content\"";
				ENABLE_PREVIEWS = YES;
				GENERATE_INFOPLIST_FILE = YES;
				INFOPLIST_KEY_UIApplicationSceneManifest_Generation = YES;
				INFOPLIST_KEY_UIApplicationSupportsIndirectInputEvents = YES;
				INFOPLIST_KEY_UILaunchScreen_Generation = YES;
				INFOPLIST_KEY_UISupportedInterfaceOrientations_iPad = "UIInterfaceOrientationPortrait UIInterfaceOrientationPortraitUpsideDown UIInterfaceOrientationLandscapeLeft UIInterfaceOrientationLandscapeRight";
				INFOPLIST_KEY_UISupportedInterfaceOrientations_iPhone = "UIInterfaceOrientationPortrait UIInterfaceOrientationLandscapeLeft UIInterfaceOrientationLandscapeRight";
				LD_RUNPATH_SEARCH_PATHS = (
					"$(inherited)",
					"@executable_path/Frameworks",
				);
				MARKETING_VERSION = 1.0;
				PRODUCT_BUNDLE_IDENTIFIER = com.yd.studySessionTracker;
				PRODUCT_NAME = "$(TARGET_NAME)";
				SWIFT_EMIT_LOC_STRINGS = YES;
				SWIFT_VERSION = 5.0;
				TARGETED_DEVICE_FAMILY = "1,2";
			};
			name = Debug;
		};
		8F93FBD52CD50C220099C77A /* Release */ = {
			isa = XCBuildConfiguration;
			buildSettings = {
				ASSETCATALOG_COMPILER_APPICON_NAME = AppIcon;
				ASSETCATALOG_COMPILER_GLOBAL_ACCENT_COLOR_NAME = AccentColor;
				CODE_SIGN_STYLE = Automatic;
				CURRENT_PROJECT_VERSION = 1;
				DEVELOPMENT_ASSET_PATHS = "\"studySessionTracker/Preview Content\"";
				ENABLE_PREVIEWS = YES;
				GENERATE_INFOPLIST_FILE = YES;
				INFOPLIST_KEY_UIApplicationSceneManifest_Generation = YES;
				INFOPLIST_KEY_UIApplicationSupportsIndirectInputEvents = YES;
				INFOPLIST_KEY_UILaunchScreen_Generation = YES;
				INFOPLIST_KEY_UISupportedInterfaceOrientations_iPad = "UIInterfaceOrientationPortrait UIInterfaceOrientationPortraitUpsideDown UIInterfaceOrientationLandscapeLeft UIInterfaceOrientationLandscapeRight";
				INFOPLIST_KEY_UISupportedInterfaceOrientations_iPhone = "UIInterfaceOrientationPortrait UIInterfaceOrientationLandscapeLeft UIInterfaceOrientationLandscapeRight";
				LD_RUNPATH_SEARCH_PATHS = (
					"$(inherited)",
					"@executable_path/Frameworks",
				);
				MARKETING_VERSION = 1.0;
				PRODUCT_BUNDLE_IDENTIFIER = com.yd.studySessionTracker;
				PRODUCT_NAME = "$(TARGET_NAME)";
				SWIFT_EMIT_LOC_STRINGS = YES;
				SWIFT_VERSION = 5.0;
				TARGETED_DEVICE_FAMILY = "1,2";
			};
			name = Release;
		};
		8F93FBD72CD50C220099C77A /* Debug */ = {
			isa = XCBuildConfiguration;
			buildSettings = {
				BUNDLE_LOADER = "$(TEST_HOST)";
				CODE_SIGN_STYLE = Automatic;
				CURRENT_PROJECT_VERSION = 1;
				GENERATE_INFOPLIST_FILE = YES;
				IPHONEOS_DEPLOYMENT_TARGET = 18.0;
				MARKETING_VERSION = 1.0;
				PRODUCT_BUNDLE_IDENTIFIER = com.yd.studySessionTrackerTests;
				PRODUCT_NAME = "$(TARGET_NAME)";
				SWIFT_EMIT_LOC_STRINGS = NO;
				SWIFT_VERSION = 5.0;
				TARGETED_DEVICE_FAMILY = "1,2";
				TEST_HOST = "$(BUILT_PRODUCTS_DIR)/studySessionTracker.app/$(BUNDLE_EXECUTABLE_FOLDER_PATH)/studySessionTracker";
			};
			name = Debug;
		};
		8F93FBD82CD50C220099C77A /* Release */ = {
			isa = XCBuildConfiguration;
			buildSettings = {
				BUNDLE_LOADER = "$(TEST_HOST)";
				CODE_SIGN_STYLE = Automatic;
				CURRENT_PROJECT_VERSION = 1;
				GENERATE_INFOPLIST_FILE = YES;
				IPHONEOS_DEPLOYMENT_TARGET = 18.0;
				MARKETING_VERSION = 1.0;
				PRODUCT_BUNDLE_IDENTIFIER = com.yd.studySessionTrackerTests;
				PRODUCT_NAME = "$(TARGET_NAME)";
				SWIFT_EMIT_LOC_STRINGS = NO;
				SWIFT_VERSION = 5.0;
				TARGETED_DEVICE_FAMILY = "1,2";
				TEST_HOST = "$(BUILT_PRODUCTS_DIR)/studySessionTracker.app/$(BUNDLE_EXECUTABLE_FOLDER_PATH)/studySessionTracker";
			};
			name = Release;
		};
		8F93FBDA2CD50C220099C77A /* Debug */ = {
			isa = XCBuildConfiguration;
			buildSettings = {
				CODE_SIGN_STYLE = Automatic;
				CURRENT_PROJECT_VERSION = 1;
				GENERATE_INFOPLIST_FILE = YES;
				MARKETING_VERSION = 1.0;
				PRODUCT_BUNDLE_IDENTIFIER = com.yd.studySessionTrackerUITests;
				PRODUCT_NAME = "$(TARGET_NAME)";
				SWIFT_EMIT_LOC_STRINGS = NO;
				SWIFT_VERSION = 5.0;
				TARGETED_DEVICE_FAMILY = "1,2";
				TEST_TARGET_NAME = studySessionTracker;
			};
			name = Debug;
		};
		8F93FBDB2CD50C220099C77A /* Release */ = {
			isa = XCBuildConfiguration;
			buildSettings = {
				CODE_SIGN_STYLE = Automatic;
				CURRENT_PROJECT_VERSION = 1;
				GENERATE_INFOPLIST_FILE = YES;
				MARKETING_VERSION = 1.0;
				PRODUCT_BUNDLE_IDENTIFIER = com.yd.studySessionTrackerUITests;
				PRODUCT_NAME = "$(TARGET_NAME)";
				SWIFT_EMIT_LOC_STRINGS = NO;
				SWIFT_VERSION = 5.0;
				TARGETED_DEVICE_FAMILY = "1,2";
				TEST_TARGET_NAME = studySessionTracker;
			};
			name = Release;
		};
/* End XCBuildConfiguration section */

/* Begin XCConfigurationList section */
		8F93FBAA2CD50C200099C77A /* Build configuration list for PBXProject "studySessionTracker" */ = {
			isa = XCConfigurationList;
			buildConfigurations = (
				8F93FBD12CD50C220099C77A /* Debug */,
				8F93FBD22CD50C220099C77A /* Release */,
			);
			defaultConfigurationIsVisible = 0;
			defaultConfigurationName = Release;
		};
		8F93FBD32CD50C220099C77A /* Build configuration list for PBXNativeTarget "studySessionTracker" */ = {
			isa = XCConfigurationList;
			buildConfigurations = (
				8F93FBD42CD50C220099C77A /* Debug */,
				8F93FBD52CD50C220099C77A /* Release */,
			);
			defaultConfigurationIsVisible = 0;
			defaultConfigurationName = Release;
		};
		8F93FBD62CD50C220099C77A /* Build configuration list for PBXNativeTarget "studySessionTrackerTests" */ = {
			isa = XCConfigurationList;
			buildConfigurations = (
				8F93FBD72CD50C220099C77A /* Debug */,
				8F93FBD82CD50C220099C77A /* Release */,
			);
			defaultConfigurationIsVisible = 0;
			defaultConfigurationName = Release;
		};
		8F93FBD92CD50C220099C77A /* Build configuration list for PBXNativeTarget "studySessionTrackerUITests" */ = {
			isa = XCConfigurationList;
			buildConfigurations = (
				8F93FBDA2CD50C220099C77A /* Debug */,
				8F93FBDB2CD50C220099C77A /* Release */,
			);
			defaultConfigurationIsVisible = 0;
			defaultConfigurationName = Release;
		};
/* End XCConfigurationList section */
	};
	rootObject = 8F93FBA72CD50C200099C77A /* Project object */;
}
